
Microsoft Visual Studio Solution File, Format Version 12.00
# Visual Studio Version 17
VisualStudioVersion = 17.7.34031.279
MinimumVisualStudioVersion = 10.0.40219.1
Project("{8BC9CEB8-8B4A-11D0-8D11-00A0C91BC942}") = "Lab_05.1", "Lab_05.1\Lab_05.1.vcxproj", "{D5372D63-B55C-44DD-89CD-E9A658488297}"
EndProject
Project("{8BC9CEB8-8B4A-11D0-8D11-00A0C91BC942}") = "UnitTest1", "UnitTest1\UnitTest1.vcxproj", "{B6098DCA-C6B7-4D9D-B419-FC27F1B52EDA}"
EndProject
Global
	GlobalSection(SolutionConfigurationPlatforms) = preSolution
		Debug|x64 = Debug|x64
		Debug|x86 = Debug|x86
		Release|x64 = Release|x64
		Release|x86 = Release|x86
	EndGlobalSection
	GlobalSection(ProjectConfigurationPlatforms) = postSolution
		{D5372D63-B55C-44DD-89CD-E9A658488297}.Debug|x64.ActiveCfg = Debug|x64
		{D5372D63-B55C-44DD-89CD-E9A658488297}.Debug|x64.Build.0 = Debug|x64
		{D5372D63-B55C-44DD-89CD-E9A658488297}.Debug|x86.ActiveCfg = Debug|Win32
		{D5372D63-B55C-44DD-89CD-E9A658488297}.Debug|x86.Build.0 = Debug|Win32
		{D5372D63-B55C-44DD-89CD-E9A658488297}.Release|x64.ActiveCfg = Release|x64
		{D5372D63-B55C-44DD-89CD-E9A658488297}.Release|x64.Build.0 = Release|x64
		{D5372D63-B55C-44DD-89CD-E9A658488297}.Release|x86.ActiveCfg = Release|Win32
		{D5372D63-B55C-44DD-89CD-E9A658488297}.Release|x86.Build.0 = Release|Win32
		{B6098DCA-C6B7-4D9D-B419-FC27F1B52EDA}.Debug|x64.ActiveCfg = Debug|x64
		{B6098DCA-C6B7-4D9D-B419-FC27F1B52EDA}.Debug|x64.Build.0 = Debug|x64
		{B6098DCA-C6B7-4D9D-B419-FC27F1B52EDA}.Debug|x86.ActiveCfg = Debug|Win32
		{B6098DCA-C6B7-4D9D-B419-FC27F1B52EDA}.Debug|x86.Build.0 = Debug|Win32
		{B6098DCA-C6B7-4D9D-B419-FC27F1B52EDA}.Release|x64.ActiveCfg = Release|x64
		{B6098DCA-C6B7-4D9D-B419-FC27F1B52EDA}.Release|x64.Build.0 = Release|x64
		{B6098DCA-C6B7-4D9D-B419-FC27F1B52EDA}.Release|x86.ActiveCfg = Release|Win32
		{B6098DCA-C6B7-4D9D-B419-FC27F1B52EDA}.Release|x86.Build.0 = Release|Win32
	EndGlobalSection
	GlobalSection(SolutionProperties) = preSolution
		HideSolutionNode = FALSE
	EndGlobalSection
	GlobalSection(ExtensibilityGlobals) = postSolution
		SolutionGuid = {71B65555-DACB-458C-869F-DE169642069D}
	EndGlobalSection
EndGlobal
